
Microsoft Visual Studio Solution File, Format Version 12.00
# Visual Studio Version 17
VisualStudioVersion = 17.14.36221.1 d17.14
MinimumVisualStudioVersion = 10.0.40219.1
Project("{FAE04EC0-301F-11D3-BF4B-00C04F79EFBC}") = "LAB_1", "LAB_1.csproj", "{36F41BE8-4935-4174-8380-5B5C11FED30A}"
EndProject
Global
	GlobalSection(SolutionConfigurationPlatforms) = preSolution
		Debug|Any CPU = Debug|Any CPU
		Release|Any CPU = Release|Any CPU
	EndGlobalSection
	GlobalSection(ProjectConfigurationPlatforms) = postSolution
		{36F41BE8-4935-4174-8380-5B5C11FED30A}.Debug|Any CPU.ActiveCfg = Debug|Any CPU
		{36F41BE8-4935-4174-8380-5B5C11FED30A}.Debug|Any CPU.Build.0 = Debug|Any CPU
		{36F41BE8-4935-4174-8380-5B5C11FED30A}.Release|Any CPU.ActiveCfg = Release|Any CPU
		{36F41BE8-4935-4174-8380-5B5C11FED30A}.Release|Any CPU.Build.0 = Release|Any CPU
	EndGlobalSection
	GlobalSection(SolutionProperties) = preSolution
		HideSolutionNode = FALSE
	EndGlobalSection
	GlobalSection(ExtensibilityGlobals) = postSolution
		SolutionGuid = {E1FCCF32-AC7D-48D9-A5B5-14E2B4638EF8}
	EndGlobalSection
EndGlobal
